
Microsoft Visual Studio Solution File, Format Version 12.00
# Visual Studio 15
VisualStudioVersion = 15.0.26124.0
MinimumVisualStudioVersion = 15.0.26124.0
Project("{2150E333-8FDC-42A3-9474-1A3956D46DE8}") = "Part_II", "Part_II", "{62F58BE7-37DA-42A8-AEE5-6B5950A117E2}"
EndProject
Project("{FAE04EC0-301F-11D3-BF4B-00C04F79EFBC}") = "Chapter3", "Part_II\Chapter3\Chapter3.csproj", "{DB27436B-BA34-4331-913B-32D881DECFFA}"
EndProject
Project("{FAE04EC0-301F-11D3-BF4B-00C04F79EFBC}") = "Chapter4", "Part_II\Chapter4\Chapter4.csproj", "{8CFDDA10-0A66-46E6-9F7D-B5704D401AAC}"
EndProject
Project("{2150E333-8FDC-42A3-9474-1A3956D46DE8}") = "Part_III", "Part_III", "{DA074D49-C4C0-4B73-9BCE-E3FB86240FF1}"
EndProject
Project("{2150E333-8FDC-42A3-9474-1A3956D46DE8}") = "Chapter5", "Chapter5", "{C17B2F10-BF74-4D8A-9E9C-D3FA27EAB3F7}"
EndProject
Project("{FAE04EC0-301F-11D3-BF4B-00C04F79EFBC}") = "SimpleClassExample", "Part_III\Chapter5\SimpleClassExample\SimpleClassExample.csproj", "{713585C7-02B9-4930-B007-928014DDFF70}"
EndProject
Project("{FAE04EC0-301F-11D3-BF4B-00C04F79EFBC}") = "SavingsAccount", "Part_III\Chapter5\SavingsAccount\SavingsAccount.csproj", "{DAF1696C-E2CC-4AEE-B3A3-4275758C366D}"
EndProject
Project("{FAE04EC0-301F-11D3-BF4B-00C04F79EFBC}") = "StaticDataAndMenbers", "Part_III\Chapter5\StaticDataAndMenbers\StaticDataAndMenbers.csproj", "{C8DEB353-422B-4D0A-91D2-248162AE2687}"
EndProject
Project("{FAE04EC0-301F-11D3-BF4B-00C04F79EFBC}") = "EmployeeApp", "Part_III\Chapter5\EmployeeApp\EmployeeApp.csproj", "{3807435C-4BF8-407D-AD40-349B479A4578}"
EndProject
Project("{FAE04EC0-301F-11D3-BF4B-00C04F79EFBC}") = "ObjectInitializer", "Part_III\Chapter5\ObjectInitializer\ObjectInitializer.csproj", "{8CD45AC9-C213-493F-9AE0-0E17D9FE8E71}"
EndProject
Project("{2150E333-8FDC-42A3-9474-1A3956D46DE8}") = "Chapter6", "Chapter6", "{55746B05-725E-4DEC-825D-CF7A923A14CA}"
EndProject
Project("{FAE04EC0-301F-11D3-BF4B-00C04F79EFBC}") = "BasicInheritance", "Part_III\Chapter6\BasicInheritance\BasicInheritance.csproj", "{D99DB9A7-5E26-4747-BDAE-6EBCB96409B2}"
EndProject
Project("{2150E333-8FDC-42A3-9474-1A3956D46DE8}") = "Chapter7", "Chapter7", "{A658BBA7-40F4-40E8-BD03-511289CC3C4E}"
EndProject
Project("{FAE04EC0-301F-11D3-BF4B-00C04F79EFBC}") = "SimpleException", "Part_III\Chapter7\SimpleException\SimpleException.csproj", "{7FBC5A31-752E-4012-8998-5C8BE74CB9CC}"
EndProject
Project("{FAE04EC0-301F-11D3-BF4B-00C04F79EFBC}") = "ProccessMultipleExceptions", "Part_III\Chapter7\ProccessMultipleExceptions\ProccessMultipleExceptions.csproj", "{645FF167-FF9E-4C0E-9016-2313ED66E0B6}"
EndProject
Project("{2150E333-8FDC-42A3-9474-1A3956D46DE8}") = "Chapter8", "Chapter8", "{51E07C0D-FE63-4557-AB82-2AB17BFF8AB3}"
EndProject
Project("{FAE04EC0-301F-11D3-BF4B-00C04F79EFBC}") = "CustomInterfaces", "Part_III\Chapter8\CustomInterfaces\CustomInterfaces.csproj", "{BA3E213B-9B92-4119-BC03-8138D951B30B}"
EndProject
Project("{FAE04EC0-301F-11D3-BF4B-00C04F79EFBC}") = "InterfaceNameClash", "Part_III\Chapter8\InterfaceNameClash\InterfaceNameClash.csproj", "{DCA37E17-2D9E-41DC-8E17-7CF2B9E1FEB6}"
EndProject
Project("{FAE04EC0-301F-11D3-BF4B-00C04F79EFBC}") = "InterfaceHierarchy", "Part_III\Chapter8\InterfaceHierarchy\InterfaceHierarchy.csproj", "{A3285998-C48F-4E4B-9C31-1AF2BEB64700}"
EndProject
Project("{FAE04EC0-301F-11D3-BF4B-00C04F79EFBC}") = "CustomEnumerator", "Part_III\Chapter8\CustomEnumerator\CustomEnumerator.csproj", "{E7E16CE1-AE92-4C23-9F83-D76376941DA4}"
EndProject
Project("{FAE04EC0-301F-11D3-BF4B-00C04F79EFBC}") = "CloneablePoint", "Part_III\Chapter8\CloneablePoint\CloneablePoint.csproj", "{3F1F34CF-7F56-494E-B769-50B2EA0DA061}"
EndProject
Global
	GlobalSection(SolutionConfigurationPlatforms) = preSolution
		Debug|Any CPU = Debug|Any CPU
		Debug|x64 = Debug|x64
		Debug|x86 = Debug|x86
		Release|Any CPU = Release|Any CPU
		Release|x64 = Release|x64
		Release|x86 = Release|x86
	EndGlobalSection
	GlobalSection(SolutionProperties) = preSolution
		HideSolutionNode = FALSE
	EndGlobalSection
	GlobalSection(ProjectConfigurationPlatforms) = postSolution
		{DB27436B-BA34-4331-913B-32D881DECFFA}.Debug|Any CPU.ActiveCfg = Debug|Any CPU
		{DB27436B-BA34-4331-913B-32D881DECFFA}.Debug|Any CPU.Build.0 = Debug|Any CPU
		{DB27436B-BA34-4331-913B-32D881DECFFA}.Debug|x64.ActiveCfg = Debug|Any CPU
		{DB27436B-BA34-4331-913B-32D881DECFFA}.Debug|x64.Build.0 = Debug|Any CPU
		{DB27436B-BA34-4331-913B-32D881DECFFA}.Debug|x86.ActiveCfg = Debug|Any CPU
		{DB27436B-BA34-4331-913B-32D881DECFFA}.Debug|x86.Build.0 = Debug|Any CPU
		{DB27436B-BA34-4331-913B-32D881DECFFA}.Release|Any CPU.ActiveCfg = Release|Any CPU
		{DB27436B-BA34-4331-913B-32D881DECFFA}.Release|Any CPU.Build.0 = Release|Any CPU
		{DB27436B-BA34-4331-913B-32D881DECFFA}.Release|x64.ActiveCfg = Release|Any CPU
		{DB27436B-BA34-4331-913B-32D881DECFFA}.Release|x64.Build.0 = Release|Any CPU
		{DB27436B-BA34-4331-913B-32D881DECFFA}.Release|x86.ActiveCfg = Release|Any CPU
		{DB27436B-BA34-4331-913B-32D881DECFFA}.Release|x86.Build.0 = Release|Any CPU
		{8CFDDA10-0A66-46E6-9F7D-B5704D401AAC}.Debug|Any CPU.ActiveCfg = Debug|Any CPU
		{8CFDDA10-0A66-46E6-9F7D-B5704D401AAC}.Debug|Any CPU.Build.0 = Debug|Any CPU
		{8CFDDA10-0A66-46E6-9F7D-B5704D401AAC}.Debug|x64.ActiveCfg = Debug|Any CPU
		{8CFDDA10-0A66-46E6-9F7D-B5704D401AAC}.Debug|x64.Build.0 = Debug|Any CPU
		{8CFDDA10-0A66-46E6-9F7D-B5704D401AAC}.Debug|x86.ActiveCfg = Debug|Any CPU
		{8CFDDA10-0A66-46E6-9F7D-B5704D401AAC}.Debug|x86.Build.0 = Debug|Any CPU
		{8CFDDA10-0A66-46E6-9F7D-B5704D401AAC}.Release|Any CPU.ActiveCfg = Release|Any CPU
		{8CFDDA10-0A66-46E6-9F7D-B5704D401AAC}.Release|Any CPU.Build.0 = Release|Any CPU
		{8CFDDA10-0A66-46E6-9F7D-B5704D401AAC}.Release|x64.ActiveCfg = Release|Any CPU
		{8CFDDA10-0A66-46E6-9F7D-B5704D401AAC}.Release|x64.Build.0 = Release|Any CPU
		{8CFDDA10-0A66-46E6-9F7D-B5704D401AAC}.Release|x86.ActiveCfg = Release|Any CPU
		{8CFDDA10-0A66-46E6-9F7D-B5704D401AAC}.Release|x86.Build.0 = Release|Any CPU
		{713585C7-02B9-4930-B007-928014DDFF70}.Debug|Any CPU.ActiveCfg = Debug|Any CPU
		{713585C7-02B9-4930-B007-928014DDFF70}.Debug|Any CPU.Build.0 = Debug|Any CPU
		{713585C7-02B9-4930-B007-928014DDFF70}.Debug|x64.ActiveCfg = Debug|Any CPU
		{713585C7-02B9-4930-B007-928014DDFF70}.Debug|x64.Build.0 = Debug|Any CPU
		{713585C7-02B9-4930-B007-928014DDFF70}.Debug|x86.ActiveCfg = Debug|Any CPU
		{713585C7-02B9-4930-B007-928014DDFF70}.Debug|x86.Build.0 = Debug|Any CPU
		{713585C7-02B9-4930-B007-928014DDFF70}.Release|Any CPU.ActiveCfg = Release|Any CPU
		{713585C7-02B9-4930-B007-928014DDFF70}.Release|Any CPU.Build.0 = Release|Any CPU
		{713585C7-02B9-4930-B007-928014DDFF70}.Release|x64.ActiveCfg = Release|Any CPU
		{713585C7-02B9-4930-B007-928014DDFF70}.Release|x64.Build.0 = Release|Any CPU
		{713585C7-02B9-4930-B007-928014DDFF70}.Release|x86.ActiveCfg = Release|Any CPU
		{713585C7-02B9-4930-B007-928014DDFF70}.Release|x86.Build.0 = Release|Any CPU
		{DAF1696C-E2CC-4AEE-B3A3-4275758C366D}.Debug|Any CPU.ActiveCfg = Debug|Any CPU
		{DAF1696C-E2CC-4AEE-B3A3-4275758C366D}.Debug|Any CPU.Build.0 = Debug|Any CPU
		{DAF1696C-E2CC-4AEE-B3A3-4275758C366D}.Debug|x64.ActiveCfg = Debug|Any CPU
		{DAF1696C-E2CC-4AEE-B3A3-4275758C366D}.Debug|x64.Build.0 = Debug|Any CPU
		{DAF1696C-E2CC-4AEE-B3A3-4275758C366D}.Debug|x86.ActiveCfg = Debug|Any CPU
		{DAF1696C-E2CC-4AEE-B3A3-4275758C366D}.Debug|x86.Build.0 = Debug|Any CPU
		{DAF1696C-E2CC-4AEE-B3A3-4275758C366D}.Release|Any CPU.ActiveCfg = Release|Any CPU
		{DAF1696C-E2CC-4AEE-B3A3-4275758C366D}.Release|Any CPU.Build.0 = Release|Any CPU
		{DAF1696C-E2CC-4AEE-B3A3-4275758C366D}.Release|x64.ActiveCfg = Release|Any CPU
		{DAF1696C-E2CC-4AEE-B3A3-4275758C366D}.Release|x64.Build.0 = Release|Any CPU
		{DAF1696C-E2CC-4AEE-B3A3-4275758C366D}.Release|x86.ActiveCfg = Release|Any CPU
		{DAF1696C-E2CC-4AEE-B3A3-4275758C366D}.Release|x86.Build.0 = Release|Any CPU
		{C8DEB353-422B-4D0A-91D2-248162AE2687}.Debug|Any CPU.ActiveCfg = Debug|Any CPU
		{C8DEB353-422B-4D0A-91D2-248162AE2687}.Debug|Any CPU.Build.0 = Debug|Any CPU
		{C8DEB353-422B-4D0A-91D2-248162AE2687}.Debug|x64.ActiveCfg = Debug|Any CPU
		{C8DEB353-422B-4D0A-91D2-248162AE2687}.Debug|x64.Build.0 = Debug|Any CPU
		{C8DEB353-422B-4D0A-91D2-248162AE2687}.Debug|x86.ActiveCfg = Debug|Any CPU
		{C8DEB353-422B-4D0A-91D2-248162AE2687}.Debug|x86.Build.0 = Debug|Any CPU
		{C8DEB353-422B-4D0A-91D2-248162AE2687}.Release|Any CPU.ActiveCfg = Release|Any CPU
		{C8DEB353-422B-4D0A-91D2-248162AE2687}.Release|Any CPU.Build.0 = Release|Any CPU
		{C8DEB353-422B-4D0A-91D2-248162AE2687}.Release|x64.ActiveCfg = Release|Any CPU
		{C8DEB353-422B-4D0A-91D2-248162AE2687}.Release|x64.Build.0 = Release|Any CPU
		{C8DEB353-422B-4D0A-91D2-248162AE2687}.Release|x86.ActiveCfg = Release|Any CPU
		{C8DEB353-422B-4D0A-91D2-248162AE2687}.Release|x86.Build.0 = Release|Any CPU
		{3807435C-4BF8-407D-AD40-349B479A4578}.Debug|Any CPU.ActiveCfg = Debug|Any CPU
		{3807435C-4BF8-407D-AD40-349B479A4578}.Debug|Any CPU.Build.0 = Debug|Any CPU
		{3807435C-4BF8-407D-AD40-349B479A4578}.Debug|x64.ActiveCfg = Debug|Any CPU
		{3807435C-4BF8-407D-AD40-349B479A4578}.Debug|x64.Build.0 = Debug|Any CPU
		{3807435C-4BF8-407D-AD40-349B479A4578}.Debug|x86.ActiveCfg = Debug|Any CPU
		{3807435C-4BF8-407D-AD40-349B479A4578}.Debug|x86.Build.0 = Debug|Any CPU
		{3807435C-4BF8-407D-AD40-349B479A4578}.Release|Any CPU.ActiveCfg = Release|Any CPU
		{3807435C-4BF8-407D-AD40-349B479A4578}.Release|Any CPU.Build.0 = Release|Any CPU
		{3807435C-4BF8-407D-AD40-349B479A4578}.Release|x64.ActiveCfg = Release|Any CPU
		{3807435C-4BF8-407D-AD40-349B479A4578}.Release|x64.Build.0 = Release|Any CPU
		{3807435C-4BF8-407D-AD40-349B479A4578}.Release|x86.ActiveCfg = Release|Any CPU
		{3807435C-4BF8-407D-AD40-349B479A4578}.Release|x86.Build.0 = Release|Any CPU
		{8CD45AC9-C213-493F-9AE0-0E17D9FE8E71}.Debug|Any CPU.ActiveCfg = Debug|Any CPU
		{8CD45AC9-C213-493F-9AE0-0E17D9FE8E71}.Debug|Any CPU.Build.0 = Debug|Any CPU
		{8CD45AC9-C213-493F-9AE0-0E17D9FE8E71}.Debug|x64.ActiveCfg = Debug|Any CPU
		{8CD45AC9-C213-493F-9AE0-0E17D9FE8E71}.Debug|x64.Build.0 = Debug|Any CPU
		{8CD45AC9-C213-493F-9AE0-0E17D9FE8E71}.Debug|x86.ActiveCfg = Debug|Any CPU
		{8CD45AC9-C213-493F-9AE0-0E17D9FE8E71}.Debug|x86.Build.0 = Debug|Any CPU
		{8CD45AC9-C213-493F-9AE0-0E17D9FE8E71}.Release|Any CPU.ActiveCfg = Release|Any CPU
		{8CD45AC9-C213-493F-9AE0-0E17D9FE8E71}.Release|Any CPU.Build.0 = Release|Any CPU
		{8CD45AC9-C213-493F-9AE0-0E17D9FE8E71}.Release|x64.ActiveCfg = Release|Any CPU
		{8CD45AC9-C213-493F-9AE0-0E17D9FE8E71}.Release|x64.Build.0 = Release|Any CPU
		{8CD45AC9-C213-493F-9AE0-0E17D9FE8E71}.Release|x86.ActiveCfg = Release|Any CPU
		{8CD45AC9-C213-493F-9AE0-0E17D9FE8E71}.Release|x86.Build.0 = Release|Any CPU
		{D99DB9A7-5E26-4747-BDAE-6EBCB96409B2}.Debug|Any CPU.ActiveCfg = Debug|Any CPU
		{D99DB9A7-5E26-4747-BDAE-6EBCB96409B2}.Debug|Any CPU.Build.0 = Debug|Any CPU
		{D99DB9A7-5E26-4747-BDAE-6EBCB96409B2}.Debug|x64.ActiveCfg = Debug|Any CPU
		{D99DB9A7-5E26-4747-BDAE-6EBCB96409B2}.Debug|x64.Build.0 = Debug|Any CPU
		{D99DB9A7-5E26-4747-BDAE-6EBCB96409B2}.Debug|x86.ActiveCfg = Debug|Any CPU
		{D99DB9A7-5E26-4747-BDAE-6EBCB96409B2}.Debug|x86.Build.0 = Debug|Any CPU
		{D99DB9A7-5E26-4747-BDAE-6EBCB96409B2}.Release|Any CPU.ActiveCfg = Release|Any CPU
		{D99DB9A7-5E26-4747-BDAE-6EBCB96409B2}.Release|Any CPU.Build.0 = Release|Any CPU
		{D99DB9A7-5E26-4747-BDAE-6EBCB96409B2}.Release|x64.ActiveCfg = Release|Any CPU
		{D99DB9A7-5E26-4747-BDAE-6EBCB96409B2}.Release|x64.Build.0 = Release|Any CPU
		{D99DB9A7-5E26-4747-BDAE-6EBCB96409B2}.Release|x86.ActiveCfg = Release|Any CPU
		{D99DB9A7-5E26-4747-BDAE-6EBCB96409B2}.Release|x86.Build.0 = Release|Any CPU
		{7FBC5A31-752E-4012-8998-5C8BE74CB9CC}.Debug|Any CPU.ActiveCfg = Debug|Any CPU
		{7FBC5A31-752E-4012-8998-5C8BE74CB9CC}.Debug|Any CPU.Build.0 = Debug|Any CPU
		{7FBC5A31-752E-4012-8998-5C8BE74CB9CC}.Debug|x64.ActiveCfg = Debug|Any CPU
		{7FBC5A31-752E-4012-8998-5C8BE74CB9CC}.Debug|x64.Build.0 = Debug|Any CPU
		{7FBC5A31-752E-4012-8998-5C8BE74CB9CC}.Debug|x86.ActiveCfg = Debug|Any CPU
		{7FBC5A31-752E-4012-8998-5C8BE74CB9CC}.Debug|x86.Build.0 = Debug|Any CPU
		{7FBC5A31-752E-4012-8998-5C8BE74CB9CC}.Release|Any CPU.ActiveCfg = Release|Any CPU
		{7FBC5A31-752E-4012-8998-5C8BE74CB9CC}.Release|Any CPU.Build.0 = Release|Any CPU
		{7FBC5A31-752E-4012-8998-5C8BE74CB9CC}.Release|x64.ActiveCfg = Release|Any CPU
		{7FBC5A31-752E-4012-8998-5C8BE74CB9CC}.Release|x64.Build.0 = Release|Any CPU
		{7FBC5A31-752E-4012-8998-5C8BE74CB9CC}.Release|x86.ActiveCfg = Release|Any CPU
		{7FBC5A31-752E-4012-8998-5C8BE74CB9CC}.Release|x86.Build.0 = Release|Any CPU
		{645FF167-FF9E-4C0E-9016-2313ED66E0B6}.Debug|Any CPU.ActiveCfg = Debug|Any CPU
		{645FF167-FF9E-4C0E-9016-2313ED66E0B6}.Debug|Any CPU.Build.0 = Debug|Any CPU
		{645FF167-FF9E-4C0E-9016-2313ED66E0B6}.Debug|x64.ActiveCfg = Debug|Any CPU
		{645FF167-FF9E-4C0E-9016-2313ED66E0B6}.Debug|x64.Build.0 = Debug|Any CPU
		{645FF167-FF9E-4C0E-9016-2313ED66E0B6}.Debug|x86.ActiveCfg = Debug|Any CPU
		{645FF167-FF9E-4C0E-9016-2313ED66E0B6}.Debug|x86.Build.0 = Debug|Any CPU
		{645FF167-FF9E-4C0E-9016-2313ED66E0B6}.Release|Any CPU.ActiveCfg = Release|Any CPU
		{645FF167-FF9E-4C0E-9016-2313ED66E0B6}.Release|Any CPU.Build.0 = Release|Any CPU
		{645FF167-FF9E-4C0E-9016-2313ED66E0B6}.Release|x64.ActiveCfg = Release|Any CPU
		{645FF167-FF9E-4C0E-9016-2313ED66E0B6}.Release|x64.Build.0 = Release|Any CPU
		{645FF167-FF9E-4C0E-9016-2313ED66E0B6}.Release|x86.ActiveCfg = Release|Any CPU
		{645FF167-FF9E-4C0E-9016-2313ED66E0B6}.Release|x86.Build.0 = Release|Any CPU
		{BA3E213B-9B92-4119-BC03-8138D951B30B}.Debug|Any CPU.ActiveCfg = Debug|Any CPU
		{BA3E213B-9B92-4119-BC03-8138D951B30B}.Debug|Any CPU.Build.0 = Debug|Any CPU
		{BA3E213B-9B92-4119-BC03-8138D951B30B}.Debug|x64.ActiveCfg = Debug|Any CPU
		{BA3E213B-9B92-4119-BC03-8138D951B30B}.Debug|x64.Build.0 = Debug|Any CPU
		{BA3E213B-9B92-4119-BC03-8138D951B30B}.Debug|x86.ActiveCfg = Debug|Any CPU
		{BA3E213B-9B92-4119-BC03-8138D951B30B}.Debug|x86.Build.0 = Debug|Any CPU
		{BA3E213B-9B92-4119-BC03-8138D951B30B}.Release|Any CPU.ActiveCfg = Release|Any CPU
		{BA3E213B-9B92-4119-BC03-8138D951B30B}.Release|Any CPU.Build.0 = Release|Any CPU
		{BA3E213B-9B92-4119-BC03-8138D951B30B}.Release|x64.ActiveCfg = Release|Any CPU
		{BA3E213B-9B92-4119-BC03-8138D951B30B}.Release|x64.Build.0 = Release|Any CPU
		{BA3E213B-9B92-4119-BC03-8138D951B30B}.Release|x86.ActiveCfg = Release|Any CPU
		{BA3E213B-9B92-4119-BC03-8138D951B30B}.Release|x86.Build.0 = Release|Any CPU
		{DCA37E17-2D9E-41DC-8E17-7CF2B9E1FEB6}.Debug|Any CPU.ActiveCfg = Debug|Any CPU
		{DCA37E17-2D9E-41DC-8E17-7CF2B9E1FEB6}.Debug|Any CPU.Build.0 = Debug|Any CPU
		{DCA37E17-2D9E-41DC-8E17-7CF2B9E1FEB6}.Debug|x64.ActiveCfg = Debug|Any CPU
		{DCA37E17-2D9E-41DC-8E17-7CF2B9E1FEB6}.Debug|x64.Build.0 = Debug|Any CPU
		{DCA37E17-2D9E-41DC-8E17-7CF2B9E1FEB6}.Debug|x86.ActiveCfg = Debug|Any CPU
		{DCA37E17-2D9E-41DC-8E17-7CF2B9E1FEB6}.Debug|x86.Build.0 = Debug|Any CPU
		{DCA37E17-2D9E-41DC-8E17-7CF2B9E1FEB6}.Release|Any CPU.ActiveCfg = Release|Any CPU
		{DCA37E17-2D9E-41DC-8E17-7CF2B9E1FEB6}.Release|Any CPU.Build.0 = Release|Any CPU
		{DCA37E17-2D9E-41DC-8E17-7CF2B9E1FEB6}.Release|x64.ActiveCfg = Release|Any CPU
		{DCA37E17-2D9E-41DC-8E17-7CF2B9E1FEB6}.Release|x64.Build.0 = Release|Any CPU
		{DCA37E17-2D9E-41DC-8E17-7CF2B9E1FEB6}.Release|x86.ActiveCfg = Release|Any CPU
		{DCA37E17-2D9E-41DC-8E17-7CF2B9E1FEB6}.Release|x86.Build.0 = Release|Any CPU
		{A3285998-C48F-4E4B-9C31-1AF2BEB64700}.Debug|Any CPU.ActiveCfg = Debug|Any CPU
		{A3285998-C48F-4E4B-9C31-1AF2BEB64700}.Debug|Any CPU.Build.0 = Debug|Any CPU
		{A3285998-C48F-4E4B-9C31-1AF2BEB64700}.Debug|x64.ActiveCfg = Debug|Any CPU
		{A3285998-C48F-4E4B-9C31-1AF2BEB64700}.Debug|x64.Build.0 = Debug|Any CPU
		{A3285998-C48F-4E4B-9C31-1AF2BEB64700}.Debug|x86.ActiveCfg = Debug|Any CPU
		{A3285998-C48F-4E4B-9C31-1AF2BEB64700}.Debug|x86.Build.0 = Debug|Any CPU
		{A3285998-C48F-4E4B-9C31-1AF2BEB64700}.Release|Any CPU.ActiveCfg = Release|Any CPU
		{A3285998-C48F-4E4B-9C31-1AF2BEB64700}.Release|Any CPU.Build.0 = Release|Any CPU
		{A3285998-C48F-4E4B-9C31-1AF2BEB64700}.Release|x64.ActiveCfg = Release|Any CPU
		{A3285998-C48F-4E4B-9C31-1AF2BEB64700}.Release|x64.Build.0 = Release|Any CPU
		{A3285998-C48F-4E4B-9C31-1AF2BEB64700}.Release|x86.ActiveCfg = Release|Any CPU
		{A3285998-C48F-4E4B-9C31-1AF2BEB64700}.Release|x86.Build.0 = Release|Any CPU
		{E7E16CE1-AE92-4C23-9F83-D76376941DA4}.Debug|Any CPU.ActiveCfg = Debug|Any CPU
		{E7E16CE1-AE92-4C23-9F83-D76376941DA4}.Debug|Any CPU.Build.0 = Debug|Any CPU
		{E7E16CE1-AE92-4C23-9F83-D76376941DA4}.Debug|x64.ActiveCfg = Debug|Any CPU
		{E7E16CE1-AE92-4C23-9F83-D76376941DA4}.Debug|x64.Build.0 = Debug|Any CPU
		{E7E16CE1-AE92-4C23-9F83-D76376941DA4}.Debug|x86.ActiveCfg = Debug|Any CPU
		{E7E16CE1-AE92-4C23-9F83-D76376941DA4}.Debug|x86.Build.0 = Debug|Any CPU
		{E7E16CE1-AE92-4C23-9F83-D76376941DA4}.Release|Any CPU.ActiveCfg = Release|Any CPU
		{E7E16CE1-AE92-4C23-9F83-D76376941DA4}.Release|Any CPU.Build.0 = Release|Any CPU
		{E7E16CE1-AE92-4C23-9F83-D76376941DA4}.Release|x64.ActiveCfg = Release|Any CPU
		{E7E16CE1-AE92-4C23-9F83-D76376941DA4}.Release|x64.Build.0 = Release|Any CPU
		{E7E16CE1-AE92-4C23-9F83-D76376941DA4}.Release|x86.ActiveCfg = Release|Any CPU
		{E7E16CE1-AE92-4C23-9F83-D76376941DA4}.Release|x86.Build.0 = Release|Any CPU
		{3F1F34CF-7F56-494E-B769-50B2EA0DA061}.Debug|Any CPU.ActiveCfg = Debug|Any CPU
		{3F1F34CF-7F56-494E-B769-50B2EA0DA061}.Debug|Any CPU.Build.0 = Debug|Any CPU
		{3F1F34CF-7F56-494E-B769-50B2EA0DA061}.Debug|x64.ActiveCfg = Debug|Any CPU
		{3F1F34CF-7F56-494E-B769-50B2EA0DA061}.Debug|x64.Build.0 = Debug|Any CPU
		{3F1F34CF-7F56-494E-B769-50B2EA0DA061}.Debug|x86.ActiveCfg = Debug|Any CPU
		{3F1F34CF-7F56-494E-B769-50B2EA0DA061}.Debug|x86.Build.0 = Debug|Any CPU
		{3F1F34CF-7F56-494E-B769-50B2EA0DA061}.Release|Any CPU.ActiveCfg = Release|Any CPU
		{3F1F34CF-7F56-494E-B769-50B2EA0DA061}.Release|Any CPU.Build.0 = Release|Any CPU
		{3F1F34CF-7F56-494E-B769-50B2EA0DA061}.Release|x64.ActiveCfg = Release|Any CPU
		{3F1F34CF-7F56-494E-B769-50B2EA0DA061}.Release|x64.Build.0 = Release|Any CPU
		{3F1F34CF-7F56-494E-B769-50B2EA0DA061}.Release|x86.ActiveCfg = Release|Any CPU
		{3F1F34CF-7F56-494E-B769-50B2EA0DA061}.Release|x86.Build.0 = Release|Any CPU
	EndGlobalSection
	GlobalSection(NestedProjects) = preSolution
		{DB27436B-BA34-4331-913B-32D881DECFFA} = {62F58BE7-37DA-42A8-AEE5-6B5950A117E2}
		{8CFDDA10-0A66-46E6-9F7D-B5704D401AAC} = {62F58BE7-37DA-42A8-AEE5-6B5950A117E2}
		{C17B2F10-BF74-4D8A-9E9C-D3FA27EAB3F7} = {DA074D49-C4C0-4B73-9BCE-E3FB86240FF1}
		{713585C7-02B9-4930-B007-928014DDFF70} = {C17B2F10-BF74-4D8A-9E9C-D3FA27EAB3F7}
		{DAF1696C-E2CC-4AEE-B3A3-4275758C366D} = {C17B2F10-BF74-4D8A-9E9C-D3FA27EAB3F7}
		{C8DEB353-422B-4D0A-91D2-248162AE2687} = {C17B2F10-BF74-4D8A-9E9C-D3FA27EAB3F7}
		{3807435C-4BF8-407D-AD40-349B479A4578} = {C17B2F10-BF74-4D8A-9E9C-D3FA27EAB3F7}
		{8CD45AC9-C213-493F-9AE0-0E17D9FE8E71} = {C17B2F10-BF74-4D8A-9E9C-D3FA27EAB3F7}
		{55746B05-725E-4DEC-825D-CF7A923A14CA} = {DA074D49-C4C0-4B73-9BCE-E3FB86240FF1}
		{D99DB9A7-5E26-4747-BDAE-6EBCB96409B2} = {55746B05-725E-4DEC-825D-CF7A923A14CA}
		{A658BBA7-40F4-40E8-BD03-511289CC3C4E} = {DA074D49-C4C0-4B73-9BCE-E3FB86240FF1}
		{7FBC5A31-752E-4012-8998-5C8BE74CB9CC} = {A658BBA7-40F4-40E8-BD03-511289CC3C4E}
		{645FF167-FF9E-4C0E-9016-2313ED66E0B6} = {A658BBA7-40F4-40E8-BD03-511289CC3C4E}
		{51E07C0D-FE63-4557-AB82-2AB17BFF8AB3} = {DA074D49-C4C0-4B73-9BCE-E3FB86240FF1}
		{BA3E213B-9B92-4119-BC03-8138D951B30B} = {51E07C0D-FE63-4557-AB82-2AB17BFF8AB3}
		{DCA37E17-2D9E-41DC-8E17-7CF2B9E1FEB6} = {51E07C0D-FE63-4557-AB82-2AB17BFF8AB3}
		{A3285998-C48F-4E4B-9C31-1AF2BEB64700} = {51E07C0D-FE63-4557-AB82-2AB17BFF8AB3}
		{E7E16CE1-AE92-4C23-9F83-D76376941DA4} = {51E07C0D-FE63-4557-AB82-2AB17BFF8AB3}
		{3F1F34CF-7F56-494E-B769-50B2EA0DA061} = {51E07C0D-FE63-4557-AB82-2AB17BFF8AB3}
	EndGlobalSection
EndGlobal
